
Microsoft Visual Studio Solution File, Format Version 12.00
# Visual Studio Version 17
VisualStudioVersion = 17.8.34511.84
MinimumVisualStudioVersion = 10.0.40219.1
Project("{FAE04EC0-301F-11D3-BF4B-00C04F79EFBC}") = "ConsoleApp1", "ConsoleApp1\ConsoleApp1.csproj", "{97AA4836-3258-4E80-9125-2EFAB7A21222}"
EndProject
Global
	GlobalSection(SolutionConfigurationPlatforms) = preSolution
		Debug|Any CPU = Debug|Any CPU
		Release|Any CPU = Release|Any CPU
	EndGlobalSection
	GlobalSection(ProjectConfigurationPlatforms) = postSolution
		{97AA4836-3258-4E80-9125-2EFAB7A21222}.Debug|Any CPU.ActiveCfg = Debug|Any CPU
		{97AA4836-3258-4E80-9125-2EFAB7A21222}.Debug|Any CPU.Build.0 = Debug|Any CPU
		{97AA4836-3258-4E80-9125-2EFAB7A21222}.Release|Any CPU.ActiveCfg = Release|Any CPU
		{97AA4836-3258-4E80-9125-2EFAB7A21222}.Release|Any CPU.Build.0 = Release|Any CPU
	EndGlobalSection
	GlobalSection(SolutionProperties) = preSolution
		HideSolutionNode = FALSE
	EndGlobalSection
	GlobalSection(ExtensibilityGlobals) = postSolution
		SolutionGuid = {378E1F32-D62B-430A-BC6B-CB1E7A410B41}
	EndGlobalSection
EndGlobal
