
Microsoft Visual Studio Solution File, Format Version 12.00
# Visual Studio Version 17
VisualStudioVersion = 17.8.34511.84
MinimumVisualStudioVersion = 10.0.40219.1
Project("{9A19103F-16F7-4668-BE54-9A1E7A4F7556}") = "BlueHostingLogin", "BlueHostingLogin\BlueHostingLogin.csproj", "{4B15A45C-376A-4DA8-B83C-F3D45261645D}"
EndProject
Project("{2150E333-8FDC-42A3-9474-1A3956D46DE8}") = "Solution Items", "Solution Items", "{D9DEBD18-DB7A-49D2-AF4E-22A1483CA76B}"
	ProjectSection(SolutionItems) = preProject
		.editorconfig = .editorconfig
	EndProjectSection
EndProject
Global
	GlobalSection(SolutionConfigurationPlatforms) = preSolution
		Debug|Any CPU = Debug|Any CPU
		Release|Any CPU = Release|Any CPU
	EndGlobalSection
	GlobalSection(ProjectConfigurationPlatforms) = postSolution
		{4B15A45C-376A-4DA8-B83C-F3D45261645D}.Debug|Any CPU.ActiveCfg = Debug|Any CPU
		{4B15A45C-376A-4DA8-B83C-F3D45261645D}.Debug|Any CPU.Build.0 = Debug|Any CPU
		{4B15A45C-376A-4DA8-B83C-F3D45261645D}.Release|Any CPU.ActiveCfg = Release|Any CPU
		{4B15A45C-376A-4DA8-B83C-F3D45261645D}.Release|Any CPU.Build.0 = Release|Any CPU
	EndGlobalSection
	GlobalSection(SolutionProperties) = preSolution
		HideSolutionNode = FALSE
	EndGlobalSection
	GlobalSection(ExtensibilityGlobals) = postSolution
		SolutionGuid = {CB698CA0-3930-448F-BB45-3FCD7C17F29E}
	EndGlobalSection
EndGlobal
