
Microsoft Visual Studio Solution File, Format Version 12.00
# Visual Studio Version 17
VisualStudioVersion = 17.8.34511.84
MinimumVisualStudioVersion = 10.0.40219.1
Project("{FAE04EC0-301F-11D3-BF4B-00C04F79EFBC}") = "FirstSeleniumProject", "FirstSeleniumProject\FirstSeleniumProject.csproj", "{A5271184-64ED-4FB8-A350-AC224AD2F5CE}"
EndProject
Global
	GlobalSection(SolutionConfigurationPlatforms) = preSolution
		Debug|Any CPU = Debug|Any CPU
		Release|Any CPU = Release|Any CPU
	EndGlobalSection
	GlobalSection(ProjectConfigurationPlatforms) = postSolution
		{A5271184-64ED-4FB8-A350-AC224AD2F5CE}.Debug|Any CPU.ActiveCfg = Debug|Any CPU
		{A5271184-64ED-4FB8-A350-AC224AD2F5CE}.Debug|Any CPU.Build.0 = Debug|Any CPU
		{A5271184-64ED-4FB8-A350-AC224AD2F5CE}.Release|Any CPU.ActiveCfg = Release|Any CPU
		{A5271184-64ED-4FB8-A350-AC224AD2F5CE}.Release|Any CPU.Build.0 = Release|Any CPU
	EndGlobalSection
	GlobalSection(SolutionProperties) = preSolution
		HideSolutionNode = FALSE
	EndGlobalSection
	GlobalSection(ExtensibilityGlobals) = postSolution
		SolutionGuid = {FBB0F6B8-9F8B-4CF0-9CC4-AEDEF47D9EDA}
	EndGlobalSection
EndGlobal
