
Microsoft Visual Studio Solution File, Format Version 12.00
# Visual Studio Version 17
VisualStudioVersion = 17.8.34511.84
MinimumVisualStudioVersion = 10.0.40219.1
Project("{9A19103F-16F7-4668-BE54-9A1E7A4F7556}") = "ConcatenatesTwoFiles", "ConcatenatesTwoFiles.csproj", "{70DA7194-2AF2-424C-AEB6-BC17C11A8264}"
EndProject
Global
	GlobalSection(SolutionConfigurationPlatforms) = preSolution
		Debug|Any CPU = Debug|Any CPU
		Release|Any CPU = Release|Any CPU
	EndGlobalSection
	GlobalSection(ProjectConfigurationPlatforms) = postSolution
		{70DA7194-2AF2-424C-AEB6-BC17C11A8264}.Debug|Any CPU.ActiveCfg = Debug|Any CPU
		{70DA7194-2AF2-424C-AEB6-BC17C11A8264}.Debug|Any CPU.Build.0 = Debug|Any CPU
		{70DA7194-2AF2-424C-AEB6-BC17C11A8264}.Release|Any CPU.ActiveCfg = Release|Any CPU
		{70DA7194-2AF2-424C-AEB6-BC17C11A8264}.Release|Any CPU.Build.0 = Release|Any CPU
	EndGlobalSection
	GlobalSection(SolutionProperties) = preSolution
		HideSolutionNode = FALSE
	EndGlobalSection
	GlobalSection(ExtensibilityGlobals) = postSolution
		SolutionGuid = {879A600B-70BC-4AEE-ACDB-7D1715293450}
	EndGlobalSection
EndGlobal
